
Microsoft Visual Studio Solution File, Format Version 12.00
# Visual Studio Version 16
VisualStudioVersion = 16.0.30907.101
MinimumVisualStudioVersion = 10.0.40219.1
Project("{9A19103F-16F7-4668-BE54-9A1E7A4F7556}") = "Macs3.Sdk.Sample", "Macs3.Sdk.Sample\Macs3.Sdk.Sample.csproj", "{27C5B46C-DC80-4F6F-B430-D6A338BD8CA5}"
EndProject
Global
	GlobalSection(SolutionConfigurationPlatforms) = preSolution
		Debug|Any CPU = Debug|Any CPU
		Release|Any CPU = Release|Any CPU
	EndGlobalSection
	GlobalSection(ProjectConfigurationPlatforms) = postSolution
		{27C5B46C-DC80-4F6F-B430-D6A338BD8CA5}.Debug|Any CPU.ActiveCfg = Debug|Any CPU
		{27C5B46C-DC80-4F6F-B430-D6A338BD8CA5}.Debug|Any CPU.Build.0 = Debug|Any CPU
		{27C5B46C-DC80-4F6F-B430-D6A338BD8CA5}.Release|Any CPU.ActiveCfg = Release|Any CPU
		{27C5B46C-DC80-4F6F-B430-D6A338BD8CA5}.Release|Any CPU.Build.0 = Release|Any CPU
	EndGlobalSection
	GlobalSection(SolutionProperties) = preSolution
		HideSolutionNode = FALSE
	EndGlobalSection
	GlobalSection(ExtensibilityGlobals) = postSolution
		SolutionGuid = {4485D50D-C901-4255-A13E-B9A09EDAB17B}
	EndGlobalSection
EndGlobal
